
Microsoft Visual Studio Solution File, Format Version 12.00
# Visual Studio Version 17
VisualStudioVersion = 17.4.33213.308
MinimumVisualStudioVersion = 10.0.40219.1
Project("{FAE04EC0-301F-11D3-BF4B-00C04F79EFBC}") = "Builder Pattern", "Builder Pattern\Builder Pattern.csproj", "{AF1D483D-F0BB-4ACE-92E1-B78D6BCA940F}"
EndProject
Global
	GlobalSection(SolutionConfigurationPlatforms) = preSolution
		Debug|Any CPU = Debug|Any CPU
		Release|Any CPU = Release|Any CPU
	EndGlobalSection
	GlobalSection(ProjectConfigurationPlatforms) = postSolution
		{AF1D483D-F0BB-4ACE-92E1-B78D6BCA940F}.Debug|Any CPU.ActiveCfg = Debug|Any CPU
		{AF1D483D-F0BB-4ACE-92E1-B78D6BCA940F}.Debug|Any CPU.Build.0 = Debug|Any CPU
		{AF1D483D-F0BB-4ACE-92E1-B78D6BCA940F}.Release|Any CPU.ActiveCfg = Release|Any CPU
		{AF1D483D-F0BB-4ACE-92E1-B78D6BCA940F}.Release|Any CPU.Build.0 = Release|Any CPU
	EndGlobalSection
	GlobalSection(SolutionProperties) = preSolution
		HideSolutionNode = FALSE
	EndGlobalSection
	GlobalSection(ExtensibilityGlobals) = postSolution
		SolutionGuid = {2CB9D015-C20A-44DA-98C8-21B6EC055BF3}
	EndGlobalSection
EndGlobal
